// !$*UTF8*$!
{
	archiveVersion = 1;
	classes = {
	};
	objectVersion = 56;
	objects = {

/* Begin PBXBuildFile section */
		30F5E4D29D4771753215A441 /* Pods_11_EmployeeMnagagementSystem.framework in Frameworks */ = {isa = PBXBuildFile; fileRef = 09BC719C8D5332D8A68566A3 /* Pods_11_EmployeeMnagagementSystem.framework */; };
		52F6012C2B4FB786006CED66 /* AppDelegate.swift in Sources */ = {isa = PBXBuildFile; fileRef = 52F6012B2B4FB786006CED66 /* AppDelegate.swift */; };
		52F6012E2B4FB786006CED66 /* SceneDelegate.swift in Sources */ = {isa = PBXBuildFile; fileRef = 52F6012D2B4FB786006CED66 /* SceneDelegate.swift */; };
		52F601302B4FB786006CED66 /* ViewController.swift in Sources */ = {isa = PBXBuildFile; fileRef = 52F6012F2B4FB786006CED66 /* ViewController.swift */; };
		52F601332B4FB786006CED66 /* Main.storyboard in Resources */ = {isa = PBXBuildFile; fileRef = 52F601312B4FB786006CED66 /* Main.storyboard */; };
		52F601352B4FB788006CED66 /* Assets.xcassets in Resources */ = {isa = PBXBuildFile; fileRef = 52F601342B4FB788006CED66 /* Assets.xcassets */; };
		52F601382B4FB788006CED66 /* LaunchScreen.storyboard in Resources */ = {isa = PBXBuildFile; fileRef = 52F601362B4FB788006CED66 /* LaunchScreen.storyboard */; };
		52F601432B4FB788006CED66 /* _1_EmployeeMnagagementSystemTests.swift in Sources */ = {isa = PBXBuildFile; fileRef = 52F601422B4FB788006CED66 /* _1_EmployeeMnagagementSystemTests.swift */; };
		52F6014D2B4FB788006CED66 /* _1_EmployeeMnagagementSystemUITests.swift in Sources */ = {isa = PBXBuildFile; fileRef = 52F6014C2B4FB788006CED66 /* _1_EmployeeMnagagementSystemUITests.swift */; };
		52F6014F2B4FB788006CED66 /* _1_EmployeeMnagagementSystemUITestsLaunchTests.swift in Sources */ = {isa = PBXBuildFile; fileRef = 52F6014E2B4FB788006CED66 /* _1_EmployeeMnagagementSystemUITestsLaunchTests.swift */; };
		52F6015D2B4FB81E006CED66 /* EmployeeTableViewCell.swift in Sources */ = {isa = PBXBuildFile; fileRef = 52F6015B2B4FB81D006CED66 /* EmployeeTableViewCell.swift */; };
		52F6015E2B4FB81E006CED66 /* EmployeeTableViewCell.xib in Resources */ = {isa = PBXBuildFile; fileRef = 52F6015C2B4FB81E006CED66 /* EmployeeTableViewCell.xib */; };
		52F601602B4FE2A9006CED66 /* EmployeeAddViewController.swift in Sources */ = {isa = PBXBuildFile; fileRef = 52F6015F2B4FE2A9006CED66 /* EmployeeAddViewController.swift */; };
		52F601622B4FE9A9006CED66 /* VCEmployeeTableViewCell.swift in Sources */ = {isa = PBXBuildFile; fileRef = 52F601612B4FE9A9006CED66 /* VCEmployeeTableViewCell.swift */; };
		52F6016C2B5104FF006CED66 /* ProfilePhotoViewController.swift in Sources */ = {isa = PBXBuildFile; fileRef = 52F6016B2B5104FF006CED66 /* ProfilePhotoViewController.swift */; };
		52F6016E2B511A72006CED66 /* CallBackClass.swift in Sources */ = {isa = PBXBuildFile; fileRef = 52F6016D2B511A72006CED66 /* CallBackClass.swift */; };
		8D1E765E4353EB0517BAB7A8 /* Pods_11_EmployeeMnagagementSystem_11_EmployeeMnagagementSystemUITests.framework in Frameworks */ = {isa = PBXBuildFile; fileRef = D65865144821AAACBEF6419D /* Pods_11_EmployeeMnagagementSystem_11_EmployeeMnagagementSystemUITests.framework */; };
		E79C64A73A5F567400620FF8 /* Pods_11_EmployeeMnagagementSystemTests.framework in Frameworks */ = {isa = PBXBuildFile; fileRef = 869BF3C552438B641FC2A0FD /* Pods_11_EmployeeMnagagementSystemTests.framework */; };
/* End PBXBuildFile section */

/* Begin PBXContainerItemProxy section */
		52F6013F2B4FB788006CED66 /* PBXContainerItemProxy */ = {
			isa = PBXContainerItemProxy;
			containerPortal = 52F601202B4FB786006CED66 /* Project object */;
			proxyType = 1;
			remoteGlobalIDString = 52F601272B4FB786006CED66;
			remoteInfo = 11_EmployeeMnagagementSystem;
		};
		52F601492B4FB788006CED66 /* PBXContainerItemProxy */ = {
			isa = PBXContainerItemProxy;
			containerPortal = 52F601202B4FB786006CED66 /* Project object */;
			proxyType = 1;
			remoteGlobalIDString = 52F601272B4FB786006CED66;
			remoteInfo = 11_EmployeeMnagagementSystem;
		};
/* End PBXContainerItemProxy section */

/* Begin PBXFileReference section */
		09BC719C8D5332D8A68566A3 /* Pods_11_EmployeeMnagagementSystem.framework */ = {isa = PBXFileReference; explicitFileType = wrapper.framework; includeInIndex = 0; path = Pods_11_EmployeeMnagagementSystem.framework; sourceTree = BUILT_PRODUCTS_DIR; };
		2C0C7767F0BAB39C6E821DA6 /* Pods-11_EmployeeMnagagementSystemTests.debug.xcconfig */ = {isa = PBXFileReference; includeInIndex = 1; lastKnownFileType = text.xcconfig; name = "Pods-11_EmployeeMnagagementSystemTests.debug.xcconfig"; path = "Target Support Files/Pods-11_EmployeeMnagagementSystemTests/Pods-11_EmployeeMnagagementSystemTests.debug.xcconfig"; sourceTree = "<group>"; };
		2C30B2A38168412B4DB9A534 /* Pods-11_EmployeeMnagagementSystem-11_EmployeeMnagagementSystemUITests.debug.xcconfig */ = {isa = PBXFileReference; includeInIndex = 1; lastKnownFileType = text.xcconfig; name = "Pods-11_EmployeeMnagagementSystem-11_EmployeeMnagagementSystemUITests.debug.xcconfig"; path = "Target Support Files/Pods-11_EmployeeMnagagementSystem-11_EmployeeMnagagementSystemUITests/Pods-11_EmployeeMnagagementSystem-11_EmployeeMnagagementSystemUITests.debug.xcconfig"; sourceTree = "<group>"; };
		3D609F0800BA1892C91D3B1C /* Pods-11_EmployeeMnagagementSystemTests.release.xcconfig */ = {isa = PBXFileReference; includeInIndex = 1; lastKnownFileType = text.xcconfig; name = "Pods-11_EmployeeMnagagementSystemTests.release.xcconfig"; path = "Target Support Files/Pods-11_EmployeeMnagagementSystemTests/Pods-11_EmployeeMnagagementSystemTests.release.xcconfig"; sourceTree = "<group>"; };
		52F601282B4FB786006CED66 /* 11_EmployeeMnagagementSystem.app */ = {isa = PBXFileReference; explicitFileType = wrapper.application; includeInIndex = 0; path = 11_EmployeeMnagagementSystem.app; sourceTree = BUILT_PRODUCTS_DIR; };
		52F6012B2B4FB786006CED66 /* AppDelegate.swift */ = {isa = PBXFileReference; lastKnownFileType = sourcecode.swift; path = AppDelegate.swift; sourceTree = "<group>"; };
		52F6012D2B4FB786006CED66 /* SceneDelegate.swift */ = {isa = PBXFileReference; lastKnownFileType = sourcecode.swift; path = SceneDelegate.swift; sourceTree = "<group>"; };
		52F6012F2B4FB786006CED66 /* ViewController.swift */ = {isa = PBXFileReference; lastKnownFileType = sourcecode.swift; path = ViewController.swift; sourceTree = "<group>"; };
		52F601322B4FB786006CED66 /* Base */ = {isa = PBXFileReference; lastKnownFileType = file.storyboard; name = Base; path = Base.lproj/Main.storyboard; sourceTree = "<group>"; };
		52F601342B4FB788006CED66 /* Assets.xcassets */ = {isa = PBXFileReference; lastKnownFileType = folder.assetcatalog; path = Assets.xcassets; sourceTree = "<group>"; };
		52F601372B4FB788006CED66 /* Base */ = {isa = PBXFileReference; lastKnownFileType = file.storyboard; name = Base; path = Base.lproj/LaunchScreen.storyboard; sourceTree = "<group>"; };
		52F601392B4FB788006CED66 /* Info.plist */ = {isa = PBXFileReference; lastKnownFileType = text.plist.xml; path = Info.plist; sourceTree = "<group>"; };
		52F6013E2B4FB788006CED66 /* 11_EmployeeMnagagementSystemTests.xctest */ = {isa = PBXFileReference; explicitFileType = wrapper.cfbundle; includeInIndex = 0; path = 11_EmployeeMnagagementSystemTests.xctest; sourceTree = BUILT_PRODUCTS_DIR; };
		52F601422B4FB788006CED66 /* _1_EmployeeMnagagementSystemTests.swift */ = {isa = PBXFileReference; lastKnownFileType = sourcecode.swift; path = _1_EmployeeMnagagementSystemTests.swift; sourceTree = "<group>"; };
		52F601482B4FB788006CED66 /* 11_EmployeeMnagagementSystemUITests.xctest */ = {isa = PBXFileReference; explicitFileType = wrapper.cfbundle; includeInIndex = 0; path = 11_EmployeeMnagagementSystemUITests.xctest; sourceTree = BUILT_PRODUCTS_DIR; };
		52F6014C2B4FB788006CED66 /* _1_EmployeeMnagagementSystemUITests.swift */ = {isa = PBXFileReference; lastKnownFileType = sourcecode.swift; path = _1_EmployeeMnagagementSystemUITests.swift; sourceTree = "<group>"; };
		52F6014E2B4FB788006CED66 /* _1_EmployeeMnagagementSystemUITestsLaunchTests.swift */ = {isa = PBXFileReference; lastKnownFileType = sourcecode.swift; path = _1_EmployeeMnagagementSystemUITestsLaunchTests.swift; sourceTree = "<group>"; };
		52F6015B2B4FB81D006CED66 /* EmployeeTableViewCell.swift */ = {isa = PBXFileReference; lastKnownFileType = sourcecode.swift; path = EmployeeTableViewCell.swift; sourceTree = "<group>"; };
		52F6015C2B4FB81E006CED66 /* EmployeeTableViewCell.xib */ = {isa = PBXFileReference; lastKnownFileType = file.xib; path = EmployeeTableViewCell.xib; sourceTree = "<group>"; };
		52F6015F2B4FE2A9006CED66 /* EmployeeAddViewController.swift */ = {isa = PBXFileReference; lastKnownFileType = sourcecode.swift; path = EmployeeAddViewController.swift; sourceTree = "<group>"; };
		52F601612B4FE9A9006CED66 /* VCEmployeeTableViewCell.swift */ = {isa = PBXFileReference; lastKnownFileType = sourcecode.swift; path = VCEmployeeTableViewCell.swift; sourceTree = "<group>"; };
		52F6016B2B5104FF006CED66 /* ProfilePhotoViewController.swift */ = {isa = PBXFileReference; lastKnownFileType = sourcecode.swift; path = ProfilePhotoViewController.swift; sourceTree = "<group>"; };
		52F6016D2B511A72006CED66 /* CallBackClass.swift */ = {isa = PBXFileReference; lastKnownFileType = sourcecode.swift; path = CallBackClass.swift; sourceTree = "<group>"; };
		869BF3C552438B641FC2A0FD /* Pods_11_EmployeeMnagagementSystemTests.framework */ = {isa = PBXFileReference; explicitFileType = wrapper.framework; includeInIndex = 0; path = Pods_11_EmployeeMnagagementSystemTests.framework; sourceTree = BUILT_PRODUCTS_DIR; };
		C06DD9EA608F43F366B25DD5 /* Pods-11_EmployeeMnagagementSystem.release.xcconfig */ = {isa = PBXFileReference; includeInIndex = 1; lastKnownFileType = text.xcconfig; name = "Pods-11_EmployeeMnagagementSystem.release.xcconfig"; path = "Target Support Files/Pods-11_EmployeeMnagagementSystem/Pods-11_EmployeeMnagagementSystem.release.xcconfig"; sourceTree = "<group>"; };
		D5675EBEB47C8785EE412B56 /* Pods-11_EmployeeMnagagementSystem-11_EmployeeMnagagementSystemUITests.release.xcconfig */ = {isa = PBXFileReference; includeInIndex = 1; lastKnownFileType = text.xcconfig; name = "Pods-11_EmployeeMnagagementSystem-11_EmployeeMnagagementSystemUITests.release.xcconfig"; path = "Target Support Files/Pods-11_EmployeeMnagagementSystem-11_EmployeeMnagagementSystemUITests/Pods-11_EmployeeMnagagementSystem-11_EmployeeMnagagementSystemUITests.release.xcconfig"; sourceTree = "<group>"; };
		D65865144821AAACBEF6419D /* Pods_11_EmployeeMnagagementSystem_11_EmployeeMnagagementSystemUITests.framework */ = {isa = PBXFileReference; explicitFileType = wrapper.framework; includeInIndex = 0; path = Pods_11_EmployeeMnagagementSystem_11_EmployeeMnagagementSystemUITests.framework; sourceTree = BUILT_PRODUCTS_DIR; };
		E5116310C6BEFB66F4E48835 /* Pods-11_EmployeeMnagagementSystem.debug.xcconfig */ = {isa = PBXFileReference; includeInIndex = 1; lastKnownFileType = text.xcconfig; name = "Pods-11_EmployeeMnagagementSystem.debug.xcconfig"; path = "Target Support Files/Pods-11_EmployeeMnagagementSystem/Pods-11_EmployeeMnagagementSystem.debug.xcconfig"; sourceTree = "<group>"; };
/* End PBXFileReference section */

/* Begin PBXFrameworksBuildPhase section */
		52F601252B4FB786006CED66 /* Frameworks */ = {
			isa = PBXFrameworksBuildPhase;
			buildActionMask = 2147483647;
			files = (
				30F5E4D29D4771753215A441 /* Pods_11_EmployeeMnagagementSystem.framework in Frameworks */,
			);
			runOnlyForDeploymentPostprocessing = 0;
		};
		52F6013B2B4FB788006CED66 /* Frameworks */ = {
			isa = PBXFrameworksBuildPhase;
			buildActionMask = 2147483647;
			files = (
				E79C64A73A5F567400620FF8 /* Pods_11_EmployeeMnagagementSystemTests.framework in Frameworks */,
			);
			runOnlyForDeploymentPostprocessing = 0;
		};
		52F601452B4FB788006CED66 /* Frameworks */ = {
			isa = PBXFrameworksBuildPhase;
			buildActionMask = 2147483647;
			files = (
				8D1E765E4353EB0517BAB7A8 /* Pods_11_EmployeeMnagagementSystem_11_EmployeeMnagagementSystemUITests.framework in Frameworks */,
			);
			runOnlyForDeploymentPostprocessing = 0;
		};
/* End PBXFrameworksBuildPhase section */

/* Begin PBXGroup section */
		52F6011F2B4FB786006CED66 = {
			isa = PBXGroup;
			children = (
				52F6012A2B4FB786006CED66 /* 11_EmployeeMnagagementSystem */,
				52F601412B4FB788006CED66 /* 11_EmployeeMnagagementSystemTests */,
				52F6014B2B4FB788006CED66 /* 11_EmployeeMnagagementSystemUITests */,
				52F601292B4FB786006CED66 /* Products */,
				C5A704ED87C992427FB6B387 /* Pods */,
				D1629911EB642D7728A8BA64 /* Frameworks */,
			);
			sourceTree = "<group>";
		};
		52F601292B4FB786006CED66 /* Products */ = {
			isa = PBXGroup;
			children = (
				52F601282B4FB786006CED66 /* 11_EmployeeMnagagementSystem.app */,
				52F6013E2B4FB788006CED66 /* 11_EmployeeMnagagementSystemTests.xctest */,
				52F601482B4FB788006CED66 /* 11_EmployeeMnagagementSystemUITests.xctest */,
			);
			name = Products;
			sourceTree = "<group>";
		};
		52F6012A2B4FB786006CED66 /* 11_EmployeeMnagagementSystem */ = {
			isa = PBXGroup;
			children = (
				52F601642B4FF543006CED66 /* Models */,
				52F601652B4FF554006CED66 /* EmployeeListCell */,
				52F601682B4FF593006CED66 /* View */,
				52F6016A2B5104D6006CED66 /* Controllers */,
				52F6012B2B4FB786006CED66 /* AppDelegate.swift */,
				52F6012D2B4FB786006CED66 /* SceneDelegate.swift */,
				52F601692B4FF5D5006CED66 /* Resources */,
				52F601392B4FB788006CED66 /* Info.plist */,
			);
			path = 11_EmployeeMnagagementSystem;
			sourceTree = "<group>";
		};
		52F601412B4FB788006CED66 /* 11_EmployeeMnagagementSystemTests */ = {
			isa = PBXGroup;
			children = (
				52F601422B4FB788006CED66 /* _1_EmployeeMnagagementSystemTests.swift */,
			);
			path = 11_EmployeeMnagagementSystemTests;
			sourceTree = "<group>";
		};
		52F6014B2B4FB788006CED66 /* 11_EmployeeMnagagementSystemUITests */ = {
			isa = PBXGroup;
			children = (
				52F6014C2B4FB788006CED66 /* _1_EmployeeMnagagementSystemUITests.swift */,
				52F6014E2B4FB788006CED66 /* _1_EmployeeMnagagementSystemUITestsLaunchTests.swift */,
			);
			path = 11_EmployeeMnagagementSystemUITests;
			sourceTree = "<group>";
		};
		52F601642B4FF543006CED66 /* Models */ = {
			isa = PBXGroup;
			children = (
				52F6016D2B511A72006CED66 /* CallBackClass.swift */,
			);
			path = Models;
			sourceTree = "<group>";
		};
		52F601652B4FF554006CED66 /* EmployeeListCell */ = {
			isa = PBXGroup;
			children = (
				52F6015C2B4FB81E006CED66 /* EmployeeTableViewCell.xib */,
				52F6015B2B4FB81D006CED66 /* EmployeeTableViewCell.swift */,
				52F601612B4FE9A9006CED66 /* VCEmployeeTableViewCell.swift */,
			);
			path = EmployeeListCell;
			sourceTree = "<group>";
		};
		52F601682B4FF593006CED66 /* View */ = {
			isa = PBXGroup;
			children = (
				52F601312B4FB786006CED66 /* Main.storyboard */,
				52F601362B4FB788006CED66 /* LaunchScreen.storyboard */,
			);
			path = View;
			sourceTree = "<group>";
		};
		52F601692B4FF5D5006CED66 /* Resources */ = {
			isa = PBXGroup;
			children = (
				52F601342B4FB788006CED66 /* Assets.xcassets */,
			);
			path = Resources;
			sourceTree = "<group>";
		};
		52F6016A2B5104D6006CED66 /* Controllers */ = {
			isa = PBXGroup;
			children = (
				52F6012F2B4FB786006CED66 /* ViewController.swift */,
				52F6015F2B4FE2A9006CED66 /* EmployeeAddViewController.swift */,
				52F6016B2B5104FF006CED66 /* ProfilePhotoViewController.swift */,
			);
			path = Controllers;
			sourceTree = "<group>";
		};
		C5A704ED87C992427FB6B387 /* Pods */ = {
			isa = PBXGroup;
			children = (
				E5116310C6BEFB66F4E48835 /* Pods-11_EmployeeMnagagementSystem.debug.xcconfig */,
				C06DD9EA608F43F366B25DD5 /* Pods-11_EmployeeMnagagementSystem.release.xcconfig */,
				2C30B2A38168412B4DB9A534 /* Pods-11_EmployeeMnagagementSystem-11_EmployeeMnagagementSystemUITests.debug.xcconfig */,
				D5675EBEB47C8785EE412B56 /* Pods-11_EmployeeMnagagementSystem-11_EmployeeMnagagementSystemUITests.release.xcconfig */,
				2C0C7767F0BAB39C6E821DA6 /* Pods-11_EmployeeMnagagementSystemTests.debug.xcconfig */,
				3D609F0800BA1892C91D3B1C /* Pods-11_EmployeeMnagagementSystemTests.release.xcconfig */,
			);
			path = Pods;
			sourceTree = "<group>";
		};
		D1629911EB642D7728A8BA64 /* Frameworks */ = {
			isa = PBXGroup;
			children = (
				09BC719C8D5332D8A68566A3 /* Pods_11_EmployeeMnagagementSystem.framework */,
				D65865144821AAACBEF6419D /* Pods_11_EmployeeMnagagementSystem_11_EmployeeMnagagementSystemUITests.framework */,
				869BF3C552438B641FC2A0FD /* Pods_11_EmployeeMnagagementSystemTests.framework */,
			);
			name = Frameworks;
			sourceTree = "<group>";
		};
/* End PBXGroup section */

/* Begin PBXNativeTarget section */
		52F601272B4FB786006CED66 /* 11_EmployeeMnagagementSystem */ = {
			isa = PBXNativeTarget;
			buildConfigurationList = 52F601522B4FB788006CED66 /* Build configuration list for PBXNativeTarget "11_EmployeeMnagagementSystem" */;
			buildPhases = (
				B084E6BC4153FF0BADC9C001 /* [CP] Check Pods Manifest.lock */,
				52F601242B4FB786006CED66 /* Sources */,
				52F601252B4FB786006CED66 /* Frameworks */,
				52F601262B4FB786006CED66 /* Resources */,
				10885F010091F432C57916DD /* [CP] Embed Pods Frameworks */,
			);
			buildRules = (
			);
			dependencies = (
			);
			name = 11_EmployeeMnagagementSystem;
			productName = 11_EmployeeMnagagementSystem;
			productReference = 52F601282B4FB786006CED66 /* 11_EmployeeMnagagementSystem.app */;
			productType = "com.apple.product-type.application";
		};
		52F6013D2B4FB788006CED66 /* 11_EmployeeMnagagementSystemTests */ = {
			isa = PBXNativeTarget;
			buildConfigurationList = 52F601552B4FB788006CED66 /* Build configuration list for PBXNativeTarget "11_EmployeeMnagagementSystemTests" */;
			buildPhases = (
				F204EE973181ED0CEF0604A3 /* [CP] Check Pods Manifest.lock */,
				52F6013A2B4FB788006CED66 /* Sources */,
				52F6013B2B4FB788006CED66 /* Frameworks */,
				52F6013C2B4FB788006CED66 /* Resources */,
			);
			buildRules = (
			);
			dependencies = (
				52F601402B4FB788006CED66 /* PBXTargetDependency */,
			);
			name = 11_EmployeeMnagagementSystemTests;
			productName = 11_EmployeeMnagagementSystemTests;
			productReference = 52F6013E2B4FB788006CED66 /* 11_EmployeeMnagagementSystemTests.xctest */;
			productType = "com.apple.product-type.bundle.unit-test";
		};
		52F601472B4FB788006CED66 /* 11_EmployeeMnagagementSystemUITests */ = {
			isa = PBXNativeTarget;
			buildConfigurationList = 52F601582B4FB788006CED66 /* Build configuration list for PBXNativeTarget "11_EmployeeMnagagementSystemUITests" */;
			buildPhases = (
				454ACFDFCB4C66B5B49DE332 /* [CP] Check Pods Manifest.lock */,
				52F601442B4FB788006CED66 /* Sources */,
				52F601452B4FB788006CED66 /* Frameworks */,
				52F601462B4FB788006CED66 /* Resources */,
				D8B8F6FA39DB914B1620D5DB /* [CP] Embed Pods Frameworks */,
			);
			buildRules = (
			);
			dependencies = (
				52F6014A2B4FB788006CED66 /* PBXTargetDependency */,
			);
			name = 11_EmployeeMnagagementSystemUITests;
			productName = 11_EmployeeMnagagementSystemUITests;
			productReference = 52F601482B4FB788006CED66 /* 11_EmployeeMnagagementSystemUITests.xctest */;
			productType = "com.apple.product-type.bundle.ui-testing";
		};
/* End PBXNativeTarget section */

/* Begin PBXProject section */
		52F601202B4FB786006CED66 /* Project object */ = {
			isa = PBXProject;
			attributes = {
				BuildIndependentTargetsInParallel = 1;
				LastSwiftUpdateCheck = 1500;
				LastUpgradeCheck = 1500;
				TargetAttributes = {
					52F601272B4FB786006CED66 = {
						CreatedOnToolsVersion = 15.0;
					};
					52F6013D2B4FB788006CED66 = {
						CreatedOnToolsVersion = 15.0;
						TestTargetID = 52F601272B4FB786006CED66;
					};
					52F601472B4FB788006CED66 = {
						CreatedOnToolsVersion = 15.0;
						TestTargetID = 52F601272B4FB786006CED66;
					};
				};
			};
			buildConfigurationList = 52F601232B4FB786006CED66 /* Build configuration list for PBXProject "11_EmployeeMnagagementSystem" */;
			compatibilityVersion = "Xcode 14.0";
			developmentRegion = en;
			hasScannedForEncodings = 0;
			knownRegions = (
				en,
				Base,
			);
			mainGroup = 52F6011F2B4FB786006CED66;
			productRefGroup = 52F601292B4FB786006CED66 /* Products */;
			projectDirPath = "";
			projectRoot = "";
			targets = (
				52F601272B4FB786006CED66 /* 11_EmployeeMnagagementSystem */,
				52F6013D2B4FB788006CED66 /* 11_EmployeeMnagagementSystemTests */,
				52F601472B4FB788006CED66 /* 11_EmployeeMnagagementSystemUITests */,
			);
		};
/* End PBXProject section */

/* Begin PBXResourcesBuildPhase section */
		52F601262B4FB786006CED66 /* Resources */ = {
			isa = PBXResourcesBuildPhase;
			buildActionMask = 2147483647;
			files = (
				52F601382B4FB788006CED66 /* LaunchScreen.storyboard in Resources */,
				52F6015E2B4FB81E006CED66 /* EmployeeTableViewCell.xib in Resources */,
				52F601352B4FB788006CED66 /* Assets.xcassets in Resources */,
				52F601332B4FB786006CED66 /* Main.storyboard in Resources */,
			);
			runOnlyForDeploymentPostprocessing = 0;
		};
		52F6013C2B4FB788006CED66 /* Resources */ = {
			isa = PBXResourcesBuildPhase;
			buildActionMask = 2147483647;
			files = (
			);
			runOnlyForDeploymentPostprocessing = 0;
		};
		52F601462B4FB788006CED66 /* Resources */ = {
			isa = PBXResourcesBuildPhase;
			buildActionMask = 2147483647;
			files = (
			);
			runOnlyForDeploymentPostprocessing = 0;
		};
/* End PBXResourcesBuildPhase section */

/* Begin PBXShellScriptBuildPhase section */
		10885F010091F432C57916DD /* [CP] Embed Pods Frameworks */ = {
			isa = PBXShellScriptBuildPhase;
			buildActionMask = 2147483647;
			files = (
			);
			inputFileListPaths = (
				"${PODS_ROOT}/Target Support Files/Pods-11_EmployeeMnagagementSystem/Pods-11_EmployeeMnagagementSystem-frameworks-${CONFIGURATION}-input-files.xcfilelist",
			);
			name = "[CP] Embed Pods Frameworks";
			outputFileListPaths = (
				"${PODS_ROOT}/Target Support Files/Pods-11_EmployeeMnagagementSystem/Pods-11_EmployeeMnagagementSystem-frameworks-${CONFIGURATION}-output-files.xcfilelist",
			);
			runOnlyForDeploymentPostprocessing = 0;
			shellPath = /bin/sh;
			shellScript = "\"${PODS_ROOT}/Target Support Files/Pods-11_EmployeeMnagagementSystem/Pods-11_EmployeeMnagagementSystem-frameworks.sh\"\n";
			showEnvVarsInLog = 0;
		};
		454ACFDFCB4C66B5B49DE332 /* [CP] Check Pods Manifest.lock */ = {
			isa = PBXShellScriptBuildPhase;
			buildActionMask = 2147483647;
			files = (
			);
			inputFileListPaths = (
			);
			inputPaths = (
				"${PODS_PODFILE_DIR_PATH}/Podfile.lock",
				"${PODS_ROOT}/Manifest.lock",
			);
			name = "[CP] Check Pods Manifest.lock";
			outputFileListPaths = (
			);
			outputPaths = (
				"$(DERIVED_FILE_DIR)/Pods-11_EmployeeMnagagementSystem-11_EmployeeMnagagementSystemUITests-checkManifestLockResult.txt",
			);
			runOnlyForDeploymentPostprocessing = 0;
			shellPath = /bin/sh;
			shellScript = "diff \"${PODS_PODFILE_DIR_PATH}/Podfile.lock\" \"${PODS_ROOT}/Manifest.lock\" > /dev/null\nif [ $? != 0 ] ; then\n    # print error to STDERR\n    echo \"error: The sandbox is not in sync with the Podfile.lock. Run 'pod install' or update your CocoaPods installation.\" >&2\n    exit 1\nfi\n# This output is used by Xcode 'outputs' to avoid re-running this script phase.\necho \"SUCCESS\" > \"${SCRIPT_OUTPUT_FILE_0}\"\n";
			showEnvVarsInLog = 0;
		};
		B084E6BC4153FF0BADC9C001 /* [CP] Check Pods Manifest.lock */ = {
			isa = PBXShellScriptBuildPhase;
			buildActionMask = 2147483647;
			files = (
			);
			inputFileListPaths = (
			);
			inputPaths = (
				"${PODS_PODFILE_DIR_PATH}/Podfile.lock",
				"${PODS_ROOT}/Manifest.lock",
			);
			name = "[CP] Check Pods Manifest.lock";
			outputFileListPaths = (
			);
			outputPaths = (
				"$(DERIVED_FILE_DIR)/Pods-11_EmployeeMnagagementSystem-checkManifestLockResult.txt",
			);
			runOnlyForDeploymentPostprocessing = 0;
			shellPath = /bin/sh;
			shellScript = "diff \"${PODS_PODFILE_DIR_PATH}/Podfile.lock\" \"${PODS_ROOT}/Manifest.lock\" > /dev/null\nif [ $? != 0 ] ; then\n    # print error to STDERR\n    echo \"error: The sandbox is not in sync with the Podfile.lock. Run 'pod install' or update your CocoaPods installation.\" >&2\n    exit 1\nfi\n# This output is used by Xcode 'outputs' to avoid re-running this script phase.\necho \"SUCCESS\" > \"${SCRIPT_OUTPUT_FILE_0}\"\n";
			showEnvVarsInLog = 0;
		};
		D8B8F6FA39DB914B1620D5DB /* [CP] Embed Pods Frameworks */ = {
			isa = PBXShellScriptBuildPhase;
			buildActionMask = 2147483647;
			files = (
			);
			inputFileListPaths = (
				"${PODS_ROOT}/Target Support Files/Pods-11_EmployeeMnagagementSystem-11_EmployeeMnagagementSystemUITests/Pods-11_EmployeeMnagagementSystem-11_EmployeeMnagagementSystemUITests-frameworks-${CONFIGURATION}-input-files.xcfilelist",
			);
			name = "[CP] Embed Pods Frameworks";
			outputFileListPaths = (
				"${PODS_ROOT}/Target Support Files/Pods-11_EmployeeMnagagementSystem-11_EmployeeMnagagementSystemUITests/Pods-11_EmployeeMnagagementSystem-11_EmployeeMnagagementSystemUITests-frameworks-${CONFIGURATION}-output-files.xcfilelist",
			);
			runOnlyForDeploymentPostprocessing = 0;
			shellPath = /bin/sh;
			shellScript = "\"${PODS_ROOT}/Target Support Files/Pods-11_EmployeeMnagagementSystem-11_EmployeeMnagagementSystemUITests/Pods-11_EmployeeMnagagementSystem-11_EmployeeMnagagementSystemUITests-frameworks.sh\"\n";
			showEnvVarsInLog = 0;
		};
		F204EE973181ED0CEF0604A3 /* [CP] Check Pods Manifest.lock */ = {
			isa = PBXShellScriptBuildPhase;
			buildActionMask = 2147483647;
			files = (
			);
			inputFileListPaths = (
			);
			inputPaths = (
				"${PODS_PODFILE_DIR_PATH}/Podfile.lock",
				"${PODS_ROOT}/Manifest.lock",
			);
			name = "[CP] Check Pods Manifest.lock";
			outputFileListPaths = (
			);
			outputPaths = (
				"$(DERIVED_FILE_DIR)/Pods-11_EmployeeMnagagementSystemTests-checkManifestLockResult.txt",
			);
			runOnlyForDeploymentPostprocessing = 0;
			shellPath = /bin/sh;
			shellScript = "diff \"${PODS_PODFILE_DIR_PATH}/Podfile.lock\" \"${PODS_ROOT}/Manifest.lock\" > /dev/null\nif [ $? != 0 ] ; then\n    # print error to STDERR\n    echo \"error: The sandbox is not in sync with the Podfile.lock. Run 'pod install' or update your CocoaPods installation.\" >&2\n    exit 1\nfi\n# This output is used by Xcode 'outputs' to avoid re-running this script phase.\necho \"SUCCESS\" > \"${SCRIPT_OUTPUT_FILE_0}\"\n";
			showEnvVarsInLog = 0;
		};
/* End PBXShellScriptBuildPhase section */

/* Begin PBXSourcesBuildPhase section */
		52F601242B4FB786006CED66 /* Sources */ = {
			isa = PBXSourcesBuildPhase;
			buildActionMask = 2147483647;
			files = (
				52F601622B4FE9A9006CED66 /* VCEmployeeTableViewCell.swift in Sources */,
				52F6016E2B511A72006CED66 /* CallBackClass.swift in Sources */,
				52F601302B4FB786006CED66 /* ViewController.swift in Sources */,
				52F6016C2B5104FF006CED66 /* ProfilePhotoViewController.swift in Sources */,
				52F6015D2B4FB81E006CED66 /* EmployeeTableViewCell.swift in Sources */,
				52F6012C2B4FB786006CED66 /* AppDelegate.swift in Sources */,
				52F601602B4FE2A9006CED66 /* EmployeeAddViewController.swift in Sources */,
				52F6012E2B4FB786006CED66 /* SceneDelegate.swift in Sources */,
			);
			runOnlyForDeploymentPostprocessing = 0;
		};
		52F6013A2B4FB788006CED66 /* Sources */ = {
			isa = PBXSourcesBuildPhase;
			buildActionMask = 2147483647;
			files = (
				52F601432B4FB788006CED66 /* _1_EmployeeMnagagementSystemTests.swift in Sources */,
			);
			runOnlyForDeploymentPostprocessing = 0;
		};
		52F601442B4FB788006CED66 /* Sources */ = {
			isa = PBXSourcesBuildPhase;
			buildActionMask = 2147483647;
			files = (
				52F6014F2B4FB788006CED66 /* _1_EmployeeMnagagementSystemUITestsLaunchTests.swift in Sources */,
				52F6014D2B4FB788006CED66 /* _1_EmployeeMnagagementSystemUITests.swift in Sources */,
			);
			runOnlyForDeploymentPostprocessing = 0;
		};
/* End PBXSourcesBuildPhase section */

/* Begin PBXTargetDependency section */
		52F601402B4FB788006CED66 /* PBXTargetDependency */ = {
			isa = PBXTargetDependency;
			target = 52F601272B4FB786006CED66 /* 11_EmployeeMnagagementSystem */;
			targetProxy = 52F6013F2B4FB788006CED66 /* PBXContainerItemProxy */;
		};
		52F6014A2B4FB788006CED66 /* PBXTargetDependency */ = {
			isa = PBXTargetDependency;
			target = 52F601272B4FB786006CED66 /* 11_EmployeeMnagagementSystem */;
			targetProxy = 52F601492B4FB788006CED66 /* PBXContainerItemProxy */;
		};
/* End PBXTargetDependency section */

/* Begin PBXVariantGroup section */
		52F601312B4FB786006CED66 /* Main.storyboard */ = {
			isa = PBXVariantGroup;
			children = (
				52F601322B4FB786006CED66 /* Base */,
			);
			name = Main.storyboard;
			sourceTree = "<group>";
		};
		52F601362B4FB788006CED66 /* LaunchScreen.storyboard */ = {
			isa = PBXVariantGroup;
			children = (
				52F601372B4FB788006CED66 /* Base */,
			);
			name = LaunchScreen.storyboard;
			sourceTree = "<group>";
		};
/* End PBXVariantGroup section */

/* Begin XCBuildConfiguration section */
		52F601502B4FB788006CED66 /* Debug */ = {
			isa = XCBuildConfiguration;
			buildSettings = {
				ALWAYS_SEARCH_USER_PATHS = NO;
				ASSETCATALOG_COMPILER_GENERATE_SWIFT_ASSET_SYMBOL_EXTENSIONS = YES;
				CLANG_ANALYZER_NONNULL = YES;
				CLANG_ANALYZER_NUMBER_OBJECT_CONVERSION = YES_AGGRESSIVE;
				CLANG_CXX_LANGUAGE_STANDARD = "gnu++20";
				CLANG_ENABLE_MODULES = YES;
				CLANG_ENABLE_OBJC_ARC = YES;
				CLANG_ENABLE_OBJC_WEAK = YES;
				CLANG_WARN_BLOCK_CAPTURE_AUTORELEASING = YES;
				CLANG_WARN_BOOL_CONVERSION = YES;
				CLANG_WARN_COMMA = YES;
				CLANG_WARN_CONSTANT_CONVERSION = YES;
				CLANG_WARN_DEPRECATED_OBJC_IMPLEMENTATIONS = YES;
				CLANG_WARN_DIRECT_OBJC_ISA_USAGE = YES_ERROR;
				CLANG_WARN_DOCUMENTATION_COMMENTS = YES;
				CLANG_WARN_EMPTY_BODY = YES;
				CLANG_WARN_ENUM_CONVERSION = YES;
				CLANG_WARN_INFINITE_RECURSION = YES;
				CLANG_WARN_INT_CONVERSION = YES;
				CLANG_WARN_NON_LITERAL_NULL_CONVERSION = YES;
				CLANG_WARN_OBJC_IMPLICIT_RETAIN_SELF = YES;
				CLANG_WARN_OBJC_LITERAL_CONVERSION = YES;
				CLANG_WARN_OBJC_ROOT_CLASS = YES_ERROR;
				CLANG_WARN_QUOTED_INCLUDE_IN_FRAMEWORK_HEADER = YES;
				CLANG_WARN_RANGE_LOOP_ANALYSIS = YES;
				CLANG_WARN_STRICT_PROTOTYPES = YES;
				CLANG_WARN_SUSPICIOUS_MOVE = YES;
				CLANG_WARN_UNGUARDED_AVAILABILITY = YES_AGGRESSIVE;
				CLANG_WARN_UNREACHABLE_CODE = YES;
				CLANG_WARN__DUPLICATE_METHOD_MATCH = YES;
				COPY_PHASE_STRIP = NO;
				DEBUG_INFORMATION_FORMAT = dwarf;
				ENABLE_STRICT_OBJC_MSGSEND = YES;
				ENABLE_TESTABILITY = YES;
				ENABLE_USER_SCRIPT_SANDBOXING = YES;
				GCC_C_LANGUAGE_STANDARD = gnu17;
				GCC_DYNAMIC_NO_PIC = NO;
				GCC_NO_COMMON_BLOCKS = YES;
				GCC_OPTIMIZATION_LEVEL = 0;
				GCC_PREPROCESSOR_DEFINITIONS = (
					"DEBUG=1",
					"$(inherited)",
				);
				GCC_WARN_64_TO_32_BIT_CONVERSION = YES;
				GCC_WARN_ABOUT_RETURN_TYPE = YES_ERROR;
				GCC_WARN_UNDECLARED_SELECTOR = YES;
				GCC_WARN_UNINITIALIZED_AUTOS = YES_AGGRESSIVE;
				GCC_WARN_UNUSED_FUNCTION = YES;
				GCC_WARN_UNUSED_VARIABLE = YES;
				IPHONEOS_DEPLOYMENT_TARGET = 17.0;
				LOCALIZATION_PREFERS_STRING_CATALOGS = YES;
				MTL_ENABLE_DEBUG_INFO = INCLUDE_SOURCE;
				MTL_FAST_MATH = YES;
				ONLY_ACTIVE_ARCH = YES;
				SDKROOT = iphoneos;
				SWIFT_ACTIVE_COMPILATION_CONDITIONS = "DEBUG $(inherited)";
				SWIFT_OPTIMIZATION_LEVEL = "-Onone";
			};
			name = Debug;
		};
		52F601512B4FB788006CED66 /* Release */ = {
			isa = XCBuildConfiguration;
			buildSettings = {
				ALWAYS_SEARCH_USER_PATHS = NO;
				ASSETCATALOG_COMPILER_GENERATE_SWIFT_ASSET_SYMBOL_EXTENSIONS = YES;
				CLANG_ANALYZER_NONNULL = YES;
				CLANG_ANALYZER_NUMBER_OBJECT_CONVERSION = YES_AGGRESSIVE;
				CLANG_CXX_LANGUAGE_STANDARD = "gnu++20";
				CLANG_ENABLE_MODULES = YES;
				CLANG_ENABLE_OBJC_ARC = YES;
				CLANG_ENABLE_OBJC_WEAK = YES;
				CLANG_WARN_BLOCK_CAPTURE_AUTORELEASING = YES;
				CLANG_WARN_BOOL_CONVERSION = YES;
				CLANG_WARN_COMMA = YES;
				CLANG_WARN_CONSTANT_CONVERSION = YES;
				CLANG_WARN_DEPRECATED_OBJC_IMPLEMENTATIONS = YES;
				CLANG_WARN_DIRECT_OBJC_ISA_USAGE = YES_ERROR;
				CLANG_WARN_DOCUMENTATION_COMMENTS = YES;
				CLANG_WARN_EMPTY_BODY = YES;
				CLANG_WARN_ENUM_CONVERSION = YES;
				CLANG_WARN_INFINITE_RECURSION = YES;
				CLANG_WARN_INT_CONVERSION = YES;
				CLANG_WARN_NON_LITERAL_NULL_CONVERSION = YES;
				CLANG_WARN_OBJC_IMPLICIT_RETAIN_SELF = YES;
				CLANG_WARN_OBJC_LITERAL_CONVERSION = YES;
				CLANG_WARN_OBJC_ROOT_CLASS = YES_ERROR;
				CLANG_WARN_QUOTED_INCLUDE_IN_FRAMEWORK_HEADER = YES;
				CLANG_WARN_RANGE_LOOP_ANALYSIS = YES;
				CLANG_WARN_STRICT_PROTOTYPES = YES;
				CLANG_WARN_SUSPICIOUS_MOVE = YES;
				CLANG_WARN_UNGUARDED_AVAILABILITY = YES_AGGRESSIVE;
				CLANG_WARN_UNREACHABLE_CODE = YES;
				CLANG_WARN__DUPLICATE_METHOD_MATCH = YES;
				COPY_PHASE_STRIP = NO;
				DEBUG_INFORMATION_FORMAT = "dwarf-with-dsym";
				ENABLE_NS_ASSERTIONS = NO;
				ENABLE_STRICT_OBJC_MSGSEND = YES;
				ENABLE_USER_SCRIPT_SANDBOXING = YES;
				GCC_C_LANGUAGE_STANDARD = gnu17;
				GCC_NO_COMMON_BLOCKS = YES;
				GCC_WARN_64_TO_32_BIT_CONVERSION = YES;
				GCC_WARN_ABOUT_RETURN_TYPE = YES_ERROR;
				GCC_WARN_UNDECLARED_SELECTOR = YES;
				GCC_WARN_UNINITIALIZED_AUTOS = YES_AGGRESSIVE;
				GCC_WARN_UNUSED_FUNCTION = YES;
				GCC_WARN_UNUSED_VARIABLE = YES;
				IPHONEOS_DEPLOYMENT_TARGET = 17.0;
				LOCALIZATION_PREFERS_STRING_CATALOGS = YES;
				MTL_ENABLE_DEBUG_INFO = NO;
				MTL_FAST_MATH = YES;
				SDKROOT = iphoneos;
				SWIFT_COMPILATION_MODE = wholemodule;
				VALIDATE_PRODUCT = YES;
			};
			name = Release;
		};
		52F601532B4FB788006CED66 /* Debug */ = {
			isa = XCBuildConfiguration;
			baseConfigurationReference = E5116310C6BEFB66F4E48835 /* Pods-11_EmployeeMnagagementSystem.debug.xcconfig */;
			buildSettings = {
				ASSETCATALOG_COMPILER_APPICON_NAME = AppIcon;
				ASSETCATALOG_COMPILER_GLOBAL_ACCENT_COLOR_NAME = AccentColor;
				CODE_SIGN_STYLE = Automatic;
				CURRENT_PROJECT_VERSION = 1;
				ENABLE_USER_SCRIPT_SANDBOXING = NO;
				GENERATE_INFOPLIST_FILE = YES;
				INFOPLIST_FILE = 11_EmployeeMnagagementSystem/Info.plist;
				INFOPLIST_KEY_UIApplicationSupportsIndirectInputEvents = YES;
				INFOPLIST_KEY_UILaunchStoryboardName = LaunchScreen;
				INFOPLIST_KEY_UIMainStoryboardFile = Main;
				INFOPLIST_KEY_UISupportedInterfaceOrientations_iPad = "UIInterfaceOrientationPortrait UIInterfaceOrientationPortraitUpsideDown UIInterfaceOrientationLandscapeLeft UIInterfaceOrientationLandscapeRight";
				INFOPLIST_KEY_UISupportedInterfaceOrientations_iPhone = "UIInterfaceOrientationPortrait UIInterfaceOrientationLandscapeLeft UIInterfaceOrientationLandscapeRight";
				IPHONEOS_DEPLOYMENT_TARGET = 13.1;
				LD_RUNPATH_SEARCH_PATHS = (
					"$(inherited)",
					"@executable_path/Frameworks",
				);
				MARKETING_VERSION = 1.0;
				PRODUCT_BUNDLE_IDENTIFIER = "com.celestial.-1-EmployeeMnagagementSystem";
				PRODUCT_NAME = "$(TARGET_NAME)";
				SWIFT_EMIT_LOC_STRINGS = YES;
				SWIFT_VERSION = 5.0;
				TARGETED_DEVICE_FAMILY = "1,2";
			};
			name = Debug;
		};
		52F601542B4FB788006CED66 /* Release */ = {
			isa = XCBuildConfiguration;
			baseConfigurationReference = C06DD9EA608F43F366B25DD5 /* Pods-11_EmployeeMnagagementSystem.release.xcconfig */;
			buildSettings = {
				ASSETCATALOG_COMPILER_APPICON_NAME = AppIcon;
				ASSETCATALOG_COMPILER_GLOBAL_ACCENT_COLOR_NAME = AccentColor;
				CODE_SIGN_STYLE = Automatic;
				CURRENT_PROJECT_VERSION = 1;
				ENABLE_USER_SCRIPT_SANDBOXING = NO;
				GENERATE_INFOPLIST_FILE = YES;
				INFOPLIST_FILE = 11_EmployeeMnagagementSystem/Info.plist;
				INFOPLIST_KEY_UIApplicationSupportsIndirectInputEvents = YES;
				INFOPLIST_KEY_UILaunchStoryboardName = LaunchScreen;
				INFOPLIST_KEY_UIMainStoryboardFile = Main;
				INFOPLIST_KEY_UISupportedInterfaceOrientations_iPad = "UIInterfaceOrientationPortrait UIInterfaceOrientationPortraitUpsideDown UIInterfaceOrientationLandscapeLeft UIInterfaceOrientationLandscapeRight";
				INFOPLIST_KEY_UISupportedInterfaceOrientations_iPhone = "UIInterfaceOrientationPortrait UIInterfaceOrientationLandscapeLeft UIInterfaceOrientationLandscapeRight";
				IPHONEOS_DEPLOYMENT_TARGET = 13.1;
				LD_RUNPATH_SEARCH_PATHS = (
					"$(inherited)",
					"@executable_path/Frameworks",
				);
				MARKETING_VERSION = 1.0;
				PRODUCT_BUNDLE_IDENTIFIER = "com.celestial.-1-EmployeeMnagagementSystem";
				PRODUCT_NAME = "$(TARGET_NAME)";
				SWIFT_EMIT_LOC_STRINGS = YES;
				SWIFT_VERSION = 5.0;
				TARGETED_DEVICE_FAMILY = "1,2";
			};
			name = Release;
		};
		52F601562B4FB788006CED66 /* Debug */ = {
			isa = XCBuildConfiguration;
			baseConfigurationReference = 2C0C7767F0BAB39C6E821DA6 /* Pods-11_EmployeeMnagagementSystemTests.debug.xcconfig */;
			buildSettings = {
				ALWAYS_EMBED_SWIFT_STANDARD_LIBRARIES = YES;
				BUNDLE_LOADER = "$(TEST_HOST)";
				CODE_SIGN_STYLE = Automatic;
				CURRENT_PROJECT_VERSION = 1;
				GENERATE_INFOPLIST_FILE = YES;
				IPHONEOS_DEPLOYMENT_TARGET = 17.0;
				MARKETING_VERSION = 1.0;
				PRODUCT_BUNDLE_IDENTIFIER = "com.celestial.-1-EmployeeMnagagementSystemTests";
				PRODUCT_NAME = "$(TARGET_NAME)";
				SWIFT_EMIT_LOC_STRINGS = NO;
				SWIFT_VERSION = 5.0;
				TARGETED_DEVICE_FAMILY = "1,2";
				TEST_HOST = "$(BUILT_PRODUCTS_DIR)/11_EmployeeMnagagementSystem.app/$(BUNDLE_EXECUTABLE_FOLDER_PATH)/11_EmployeeMnagagementSystem";
			};
			name = Debug;
		};
		52F601572B4FB788006CED66 /* Release */ = {
			isa = XCBuildConfiguration;
			baseConfigurationReference = 3D609F0800BA1892C91D3B1C /* Pods-11_EmployeeMnagagementSystemTests.release.xcconfig */;
			buildSettings = {
				ALWAYS_EMBED_SWIFT_STANDARD_LIBRARIES = YES;
				BUNDLE_LOADER = "$(TEST_HOST)";
				CODE_SIGN_STYLE = Automatic;
				CURRENT_PROJECT_VERSION = 1;
				GENERATE_INFOPLIST_FILE = YES;
				IPHONEOS_DEPLOYMENT_TARGET = 17.0;
				MARKETING_VERSION = 1.0;
				PRODUCT_BUNDLE_IDENTIFIER = "com.celestial.-1-EmployeeMnagagementSystemTests";
				PRODUCT_NAME = "$(TARGET_NAME)";
				SWIFT_EMIT_LOC_STRINGS = NO;
				SWIFT_VERSION = 5.0;
				TARGETED_DEVICE_FAMILY = "1,2";
				TEST_HOST = "$(BUILT_PRODUCTS_DIR)/11_EmployeeMnagagementSystem.app/$(BUNDLE_EXECUTABLE_FOLDER_PATH)/11_EmployeeMnagagementSystem";
			};
			name = Release;
		};
		52F601592B4FB788006CED66 /* Debug */ = {
			isa = XCBuildConfiguration;
			baseConfigurationReference = 2C30B2A38168412B4DB9A534 /* Pods-11_EmployeeMnagagementSystem-11_EmployeeMnagagementSystemUITests.debug.xcconfig */;
			buildSettings = {
				ALWAYS_EMBED_SWIFT_STANDARD_LIBRARIES = YES;
				CODE_SIGN_STYLE = Automatic;
				CURRENT_PROJECT_VERSION = 1;
				GENERATE_INFOPLIST_FILE = YES;
				MARKETING_VERSION = 1.0;
				PRODUCT_BUNDLE_IDENTIFIER = "com.celestial.-1-EmployeeMnagagementSystemUITests";
				PRODUCT_NAME = "$(TARGET_NAME)";
				SWIFT_EMIT_LOC_STRINGS = NO;
				SWIFT_VERSION = 5.0;
				TARGETED_DEVICE_FAMILY = "1,2";
				TEST_TARGET_NAME = 11_EmployeeMnagagementSystem;
			};
			name = Debug;
		};
		52F6015A2B4FB788006CED66 /* Release */ = {
			isa = XCBuildConfiguration;
			baseConfigurationReference = D5675EBEB47C8785EE412B56 /* Pods-11_EmployeeMnagagementSystem-11_EmployeeMnagagementSystemUITests.release.xcconfig */;
			buildSettings = {
				ALWAYS_EMBED_SWIFT_STANDARD_LIBRARIES = YES;
				CODE_SIGN_STYLE = Automatic;
				CURRENT_PROJECT_VERSION = 1;
				GENERATE_INFOPLIST_FILE = YES;
				MARKETING_VERSION = 1.0;
				PRODUCT_BUNDLE_IDENTIFIER = "com.celestial.-1-EmployeeMnagagementSystemUITests";
				PRODUCT_NAME = "$(TARGET_NAME)";
				SWIFT_EMIT_LOC_STRINGS = NO;
				SWIFT_VERSION = 5.0;
				TARGETED_DEVICE_FAMILY = "1,2";
				TEST_TARGET_NAME = 11_EmployeeMnagagementSystem;
			};
			name = Release;
		};
/* End XCBuildConfiguration section */

/* Begin XCConfigurationList section */
		52F601232B4FB786006CED66 /* Build configuration list for PBXProject "11_EmployeeMnagagementSystem" */ = {
			isa = XCConfigurationList;
			buildConfigurations = (
				52F601502B4FB788006CED66 /* Debug */,
				52F601512B4FB788006CED66 /* Release */,
			);
			defaultConfigurationIsVisible = 0;
			defaultConfigurationName = Release;
		};
		52F601522B4FB788006CED66 /* Build configuration list for PBXNativeTarget "11_EmployeeMnagagementSystem" */ = {
			isa = XCConfigurationList;
			buildConfigurations = (
				52F601532B4FB788006CED66 /* Debug */,
				52F601542B4FB788006CED66 /* Release */,
			);
			defaultConfigurationIsVisible = 0;
			defaultConfigurationName = Release;
		};
		52F601552B4FB788006CED66 /* Build configuration list for PBXNativeTarget "11_EmployeeMnagagementSystemTests" */ = {
			isa = XCConfigurationList;
			buildConfigurations = (
				52F601562B4FB788006CED66 /* Debug */,
				52F601572B4FB788006CED66 /* Release */,
			);
			defaultConfigurationIsVisible = 0;
			defaultConfigurationName = Release;
		};
		52F601582B4FB788006CED66 /* Build configuration list for PBXNativeTarget "11_EmployeeMnagagementSystemUITests" */ = {
			isa = XCConfigurationList;
			buildConfigurations = (
				52F601592B4FB788006CED66 /* Debug */,
				52F6015A2B4FB788006CED66 /* Release */,
			);
			defaultConfigurationIsVisible = 0;
			defaultConfigurationName = Release;
		};
/* End XCConfigurationList section */
	};
	rootObject = 52F601202B4FB786006CED66 /* Project object */;
}
